// !$*UTF8*$!
{
	archiveVersion = 1;
	classes = {
	};
	objectVersion = 50;
	objects = {

/* Begin PBXBuildFile section */
		880B3D50246C3018009A8BFA /* MutableDevice.swift in Sources */ = {isa = PBXBuildFile; fileRef = 880B3D4F246C3018009A8BFA /* MutableDevice.swift */; };
		880B3D51246C3018009A8BFA /* MutableDevice.swift in Sources */ = {isa = PBXBuildFile; fileRef = 880B3D4F246C3018009A8BFA /* MutableDevice.swift */; };
		88189CAF246421A800CED9EF /* JcRepeatingTimer.swift in Sources */ = {isa = PBXBuildFile; fileRef = 88189CAE246421A800CED9EF /* JcRepeatingTimer.swift */; };
		88189CB0246421A800CED9EF /* JcRepeatingTimer.swift in Sources */ = {isa = PBXBuildFile; fileRef = 88189CAE246421A800CED9EF /* JcRepeatingTimer.swift */; };
		882D9FD9245048DD004F5D06 /* EventsService.swift in Sources */ = {isa = PBXBuildFile; fileRef = 882D9FD8245048DD004F5D06 /* EventsService.swift */; };
		882D9FDA245048DD004F5D06 /* EventsService.swift in Sources */ = {isa = PBXBuildFile; fileRef = 882D9FD8245048DD004F5D06 /* EventsService.swift */; };
		882D9FDC24505006004F5D06 /* BinariesService.swift in Sources */ = {isa = PBXBuildFile; fileRef = 882D9FDB24505006004F5D06 /* BinariesService.swift */; };
		882D9FDD24505006004F5D06 /* BinariesService.swift in Sources */ = {isa = PBXBuildFile; fileRef = 882D9FDB24505006004F5D06 /* BinariesService.swift */; };
		882D9FDF245057E5004F5D06 /* MeasurementsService.swift in Sources */ = {isa = PBXBuildFile; fileRef = 882D9FDE245057E5004F5D06 /* MeasurementsService.swift */; };
		882D9FE0245057E5004F5D06 /* MeasurementsService.swift in Sources */ = {isa = PBXBuildFile; fileRef = 882D9FDE245057E5004F5D06 /* MeasurementsService.swift */; };
		882D9FE224505A14004F5D06 /* PagedMeasurements.swift in Sources */ = {isa = PBXBuildFile; fileRef = 882D9FE124505A14004F5D06 /* PagedMeasurements.swift */; };
		882D9FE324505A14004F5D06 /* PagedMeasurements.swift in Sources */ = {isa = PBXBuildFile; fileRef = 882D9FE124505A14004F5D06 /* PagedMeasurements.swift */; };
		882D9FE524505C91004F5D06 /* PageStatistics.swift in Sources */ = {isa = PBXBuildFile; fileRef = 882D9FE424505C91004F5D06 /* PageStatistics.swift */; };
		882D9FE624505C91004F5D06 /* PageStatistics.swift in Sources */ = {isa = PBXBuildFile; fileRef = 882D9FE424505C91004F5D06 /* PageStatistics.swift */; };
		882D9FE824506D08004F5D06 /* OperationService.swift in Sources */ = {isa = PBXBuildFile; fileRef = 882D9FE724506D08004F5D06 /* OperationService.swift */; };
		882D9FE924506D08004F5D06 /* OperationService.swift in Sources */ = {isa = PBXBuildFile; fileRef = 882D9FE724506D08004F5D06 /* OperationService.swift */; };
		88363E1B2448AC1000C018C6 /* Cumulocity_Client_Library.h in Headers */ = {isa = PBXBuildFile; fileRef = 88363E0D2448AC1000C018C6 /* Cumulocity_Client_Library.h */; settings = {ATTRIBUTES = (Public, ); }; };
		8838BF4D245075A600A3AE87 /* MultiPartContent.swift in Sources */ = {isa = PBXBuildFile; fileRef = 8838BF4C245075A600A3AE87 /* MultiPartContent.swift */; };
		8838BF4E245075A600A3AE87 /* MultiPartContent.swift in Sources */ = {isa = PBXBuildFile; fileRef = 8838BF4C245075A600A3AE87 /* MultiPartContent.swift */; };
		8838BF8F2451E22200A3AE87 /* Group.swift in Sources */ = {isa = PBXBuildFile; fileRef = 8838BF8E2451E22200A3AE87 /* Group.swift */; };
		8838BF902451E22200A3AE87 /* Group.swift in Sources */ = {isa = PBXBuildFile; fileRef = 8838BF8E2451E22200A3AE87 /* Group.swift */; };
		8838BF922451E28F00A3AE87 /* Device.swift in Sources */ = {isa = PBXBuildFile; fileRef = 8838BF912451E28F00A3AE87 /* Device.swift */; };
		8838BF932451E28F00A3AE87 /* Device.swift in Sources */ = {isa = PBXBuildFile; fileRef = 8838BF912451E28F00A3AE87 /* Device.swift */; };
		8838BF952451E39C00A3AE87 /* Address.swift in Sources */ = {isa = PBXBuildFile; fileRef = 8838BF942451E39C00A3AE87 /* Address.swift */; };
		8838BF962451E39C00A3AE87 /* Address.swift in Sources */ = {isa = PBXBuildFile; fileRef = 8838BF942451E39C00A3AE87 /* Address.swift */; };
		88413C29244B866E007A52E0 /* EncodableContent.swift in Sources */ = {isa = PBXBuildFile; fileRef = 88363E64244B432600C018C6 /* EncodableContent.swift */; };
		88413C2A244B866E007A52E0 /* Connection.swift in Sources */ = {isa = PBXBuildFile; fileRef = 88363E2C2448AD7E00C018C6 /* Connection.swift */; };
		88413C2B244B866E007A52E0 /* ConnectionFactory.swift in Sources */ = {isa = PBXBuildFile; fileRef = 88363E322448ADA900C018C6 /* ConnectionFactory.swift */; };
		88413C2C244B866E007A52E0 /* ConnectionRequest.swift in Sources */ = {isa = PBXBuildFile; fileRef = 88363E382448CDEF00C018C6 /* ConnectionRequest.swift */; };
		88413C2D244B867B007A52E0 /* CumulocityConnection.swift in Sources */ = {isa = PBXBuildFile; fileRef = 88363E3C244984CF00C018C6 /* CumulocityConnection.swift */; };
		88413C2E244B8688007A52E0 /* CumulocityUser.swift in Sources */ = {isa = PBXBuildFile; fileRef = 88363E3F2449854C00C018C6 /* CumulocityUser.swift */; };
		88413C2F244B872F007A52E0 /* PagedManagedObjects.swift in Sources */ = {isa = PBXBuildFile; fileRef = 88363E55244A0E0000C018C6 /* PagedManagedObjects.swift */; };
		88413C30244B872F007A52E0 /* ManagedObject.swift in Sources */ = {isa = PBXBuildFile; fileRef = 88363E242448AC7900C018C6 /* ManagedObject.swift */; };
		88413C31244B872F007A52E0 /* Alarm.swift in Sources */ = {isa = PBXBuildFile; fileRef = 88363E52244A006C00C018C6 /* Alarm.swift */; };
		88413C32244B872F007A52E0 /* DataPoints.swift in Sources */ = {isa = PBXBuildFile; fileRef = 88363E58244AEF3800C018C6 /* DataPoints.swift */; };
		88413C33244B872F007A52E0 /* CustomAsset.swift in Sources */ = {isa = PBXBuildFile; fileRef = 88413C1F244B85BF007A52E0 /* CustomAsset.swift */; };
		88413C35244B872F007A52E0 /* Planning.swift in Sources */ = {isa = PBXBuildFile; fileRef = 88413C1D244B85BF007A52E0 /* Planning.swift */; };
		88413C36244B872F007A52E0 /* CustomAssetProcesor.swift in Sources */ = {isa = PBXBuildFile; fileRef = 88363E5E244B1E4C00C018C6 /* CustomAssetProcesor.swift */; };
		88413C37244B872F007A52E0 /* ContactInfo.swift in Sources */ = {isa = PBXBuildFile; fileRef = 88363E492449F14B00C018C6 /* ContactInfo.swift */; };
		88413C38244B872F007A52E0 /* LoRaNetworkInfo.swift in Sources */ = {isa = PBXBuildFile; fileRef = 88363E4C2449F9E300C018C6 /* LoRaNetworkInfo.swift */; };
		88413C4D244B8D55007A52E0 /* Cumulocity_Client_LibraryTests.swift in Sources */ = {isa = PBXBuildFile; fileRef = 88363E182448AC1000C018C6 /* Cumulocity_Client_LibraryTests.swift */; };
		88413C4F244B91B2007A52E0 /* EncodableContent.swift in Sources */ = {isa = PBXBuildFile; fileRef = 88363E64244B432600C018C6 /* EncodableContent.swift */; };
		88413C50244B91B2007A52E0 /* Connection.swift in Sources */ = {isa = PBXBuildFile; fileRef = 88363E2C2448AD7E00C018C6 /* Connection.swift */; };
		88413C51244B91B2007A52E0 /* ConnectionFactory.swift in Sources */ = {isa = PBXBuildFile; fileRef = 88363E322448ADA900C018C6 /* ConnectionFactory.swift */; };
		88413C52244B91B2007A52E0 /* ConnectionRequest.swift in Sources */ = {isa = PBXBuildFile; fileRef = 88363E382448CDEF00C018C6 /* ConnectionRequest.swift */; };
		88413C53244B91B2007A52E0 /* CumulocityConnection.swift in Sources */ = {isa = PBXBuildFile; fileRef = 88363E3C244984CF00C018C6 /* CumulocityConnection.swift */; };
		88413C54244B91B2007A52E0 /* ManagedObjectService.swift in Sources */ = {isa = PBXBuildFile; fileRef = 88363E61244B3A9B00C018C6 /* ManagedObjectService.swift */; };
		88413C55244B91B2007A52E0 /* ManageObjectQuery.swift in Sources */ = {isa = PBXBuildFile; fileRef = 88363E67244B60DF00C018C6 /* ManageObjectQuery.swift */; };
		88413C56244B91B2007A52E0 /* CumulocityUser.swift in Sources */ = {isa = PBXBuildFile; fileRef = 88363E3F2449854C00C018C6 /* CumulocityUser.swift */; };
		88413C57244B91B2007A52E0 /* PagedManagedObjects.swift in Sources */ = {isa = PBXBuildFile; fileRef = 88363E55244A0E0000C018C6 /* PagedManagedObjects.swift */; };
		88413C58244B91B2007A52E0 /* ManagedObject.swift in Sources */ = {isa = PBXBuildFile; fileRef = 88363E242448AC7900C018C6 /* ManagedObject.swift */; };
		88413C59244B91B2007A52E0 /* Alarm.swift in Sources */ = {isa = PBXBuildFile; fileRef = 88363E52244A006C00C018C6 /* Alarm.swift */; };
		88413C5A244B91B2007A52E0 /* DataPoints.swift in Sources */ = {isa = PBXBuildFile; fileRef = 88363E58244AEF3800C018C6 /* DataPoints.swift */; };
		88413C5B244B91B2007A52E0 /* CustomAsset.swift in Sources */ = {isa = PBXBuildFile; fileRef = 88413C1F244B85BF007A52E0 /* CustomAsset.swift */; };
		88413C5D244B91B2007A52E0 /* Planning.swift in Sources */ = {isa = PBXBuildFile; fileRef = 88413C1D244B85BF007A52E0 /* Planning.swift */; };
		88413C5E244B91B2007A52E0 /* CustomAssetProcesor.swift in Sources */ = {isa = PBXBuildFile; fileRef = 88363E5E244B1E4C00C018C6 /* CustomAssetProcesor.swift */; };
		88413C5F244B91B2007A52E0 /* ContactInfo.swift in Sources */ = {isa = PBXBuildFile; fileRef = 88363E492449F14B00C018C6 /* ContactInfo.swift */; };
		88413C60244B91B2007A52E0 /* LoRaNetworkInfo.swift in Sources */ = {isa = PBXBuildFile; fileRef = 88363E4C2449F9E300C018C6 /* LoRaNetworkInfo.swift */; };
		88413C62244F095E007A52E0 /* Event.swift in Sources */ = {isa = PBXBuildFile; fileRef = 88413C61244F095E007A52E0 /* Event.swift */; };
		88413C63244F095E007A52E0 /* Event.swift in Sources */ = {isa = PBXBuildFile; fileRef = 88413C61244F095E007A52E0 /* Event.swift */; };
		88413C65244F1287007A52E0 /* PagedEvents.swift in Sources */ = {isa = PBXBuildFile; fileRef = 88413C64244F1287007A52E0 /* PagedEvents.swift */; };
		88413C66244F1287007A52E0 /* PagedEvents.swift in Sources */ = {isa = PBXBuildFile; fileRef = 88413C64244F1287007A52E0 /* PagedEvents.swift */; };
		88413C68244F1332007A52E0 /* ExternalId.swift in Sources */ = {isa = PBXBuildFile; fileRef = 88413C67244F1332007A52E0 /* ExternalId.swift */; };
		88413C69244F1332007A52E0 /* ExternalId.swift in Sources */ = {isa = PBXBuildFile; fileRef = 88413C67244F1332007A52E0 /* ExternalId.swift */; };
		88413C6B244F1650007A52E0 /* Measurement.swift in Sources */ = {isa = PBXBuildFile; fileRef = 88413C6A244F1650007A52E0 /* Measurement.swift */; };
		88413C6C244F1650007A52E0 /* Measurement.swift in Sources */ = {isa = PBXBuildFile; fileRef = 88413C6A244F1650007A52E0 /* Measurement.swift */; };
		88413C6E244F3081007A52E0 /* MeasurementSeries.swift in Sources */ = {isa = PBXBuildFile; fileRef = 88413C6D244F3081007A52E0 /* MeasurementSeries.swift */; };
		88413C6F244F3081007A52E0 /* MeasurementSeries.swift in Sources */ = {isa = PBXBuildFile; fileRef = 88413C6D244F3081007A52E0 /* MeasurementSeries.swift */; };
		88413C71244F3D15007A52E0 /* Operation.swift in Sources */ = {isa = PBXBuildFile; fileRef = 88413C70244F3D15007A52E0 /* Operation.swift */; };
		88413C72244F3D15007A52E0 /* Operation.swift in Sources */ = {isa = PBXBuildFile; fileRef = 88413C70244F3D15007A52E0 /* Operation.swift */; };
		88413C74244F45E9007A52E0 /* AlarmsService.swift in Sources */ = {isa = PBXBuildFile; fileRef = 88413C73244F45E9007A52E0 /* AlarmsService.swift */; };
		88413C75244F45E9007A52E0 /* AlarmsService.swift in Sources */ = {isa = PBXBuildFile; fileRef = 88413C73244F45E9007A52E0 /* AlarmsService.swift */; };
		88413C77244F55B9007A52E0 /* PagedAlarms.swift in Sources */ = {isa = PBXBuildFile; fileRef = 88413C76244F55B9007A52E0 /* PagedAlarms.swift */; };
		88413C78244F55B9007A52E0 /* PagedAlarms.swift in Sources */ = {isa = PBXBuildFile; fileRef = 88413C76244F55B9007A52E0 /* PagedAlarms.swift */; };
		8841B43F24609AD30095DCA1 /* RuntimeError.swift in Sources */ = {isa = PBXBuildFile; fileRef = 8841B43E24609AD30095DCA1 /* RuntimeError.swift */; };
		8841B44024609AD30095DCA1 /* RuntimeError.swift in Sources */ = {isa = PBXBuildFile; fileRef = 8841B43E24609AD30095DCA1 /* RuntimeError.swift */; };
		8879AC4B2451FFDF00922E3B /* ManagedObjectService.swift in Sources */ = {isa = PBXBuildFile; fileRef = 88363E61244B3A9B00C018C6 /* ManagedObjectService.swift */; };
		8879AC4C2451FFDF00922E3B /* ManageObjectQuery.swift in Sources */ = {isa = PBXBuildFile; fileRef = 88363E67244B60DF00C018C6 /* ManageObjectQuery.swift */; };
		8879AC4F2452143800922E3B /* DateExtensions.swift in Sources */ = {isa = PBXBuildFile; fileRef = 8879AC4E2452143800922E3B /* DateExtensions.swift */; };
		887C14A3246729D100D7A31A /* EditableGroup.swift in Sources */ = {isa = PBXBuildFile; fileRef = 887C14A2246729D100D7A31A /* EditableGroup.swift */; };
		887C14A4246729D100D7A31A /* EditableGroup.swift in Sources */ = {isa = PBXBuildFile; fileRef = 887C14A2246729D100D7A31A /* EditableGroup.swift */; };
		888A32A824714831003F7D27 /* GroupLoader.swift in Sources */ = {isa = PBXBuildFile; fileRef = 888A32A724714831003F7D27 /* GroupLoader.swift */; };
		888A32A924714831003F7D27 /* GroupLoader.swift in Sources */ = {isa = PBXBuildFile; fileRef = 888A32A724714831003F7D27 /* GroupLoader.swift */; };
		888B65D8245D7A330003EAED /* EditableDevice.swift in Sources */ = {isa = PBXBuildFile; fileRef = 888B65D7245D7A330003EAED /* EditableDevice.swift */; };
		888B65D9245D7A330003EAED /* EditableDevice.swift in Sources */ = {isa = PBXBuildFile; fileRef = 888B65D7245D7A330003EAED /* EditableDevice.swift */; };
		888B65DE245D9E340003EAED /* DeviceModels.swift in Sources */ = {isa = PBXBuildFile; fileRef = 888B65DD245D9E340003EAED /* DeviceModels.swift */; };
		888B65DF245D9E340003EAED /* DeviceModels.swift in Sources */ = {isa = PBXBuildFile; fileRef = 888B65DD245D9E340003EAED /* DeviceModels.swift */; };
		888B65E1245D9FF90003EAED /* Model.swift in Sources */ = {isa = PBXBuildFile; fileRef = 888B65E0245D9FF90003EAED /* Model.swift */; };
		888B65E2245D9FF90003EAED /* Model.swift in Sources */ = {isa = PBXBuildFile; fileRef = 888B65E0245D9FF90003EAED /* Model.swift */; };
		888B65E4245DA2460003EAED /* Supplier.swift in Sources */ = {isa = PBXBuildFile; fileRef = 888B65E3245DA2460003EAED /* Supplier.swift */; };
		888B65E5245DA2460003EAED /* Supplier.swift in Sources */ = {isa = PBXBuildFile; fileRef = 888B65E3245DA2460003EAED /* Supplier.swift */; };
		8898032E24605FBE008A9A57 /* MyGroups.swift in Sources */ = {isa = PBXBuildFile; fileRef = 8898032D24605FBE008A9A57 /* MyGroups.swift */; };
		88ACF09D249CD9580079C518 /* LoRaNetworkService.swift in Sources */ = {isa = PBXBuildFile; fileRef = 88ACF09C249CD9580079C518 /* LoRaNetworkService.swift */; };
		88ACF09F249CE7CC0079C518 /* AssignedNetwork.swift in Sources */ = {isa = PBXBuildFile; fileRef = 88ACF09E249CE7CC0079C518 /* AssignedNetwork.swift */; };
		88ACF0A0249CE7CC0079C518 /* AssignedNetwork.swift in Sources */ = {isa = PBXBuildFile; fileRef = 88ACF09E249CE7CC0079C518 /* AssignedNetwork.swift */; };
		88ACF0A224A0D9750079C518 /* PagedOperations.swift in Sources */ = {isa = PBXBuildFile; fileRef = 88ACF0A124A0D9750079C518 /* PagedOperations.swift */; };
		88ACF0A324A0D9750079C518 /* PagedOperations.swift in Sources */ = {isa = PBXBuildFile; fileRef = 88ACF0A124A0D9750079C518 /* PagedOperations.swift */; };
		88BD6BF7246C9B8D0018D004 /* MockedMyGroups.swift in Sources */ = {isa = PBXBuildFile; fileRef = 88BD6BF6246C9B8D0018D004 /* MockedMyGroups.swift */; };
		88BD6BF8246C9B8D0018D004 /* MockedMyGroups.swift in Sources */ = {isa = PBXBuildFile; fileRef = 88BD6BF6246C9B8D0018D004 /* MockedMyGroups.swift */; };
		88BE30C42497560C00AAD712 /* Network.swift in Sources */ = {isa = PBXBuildFile; fileRef = 88BE30C32497560C00AAD712 /* Network.swift */; };
		88BE30C52497560C00AAD712 /* Network.swift in Sources */ = {isa = PBXBuildFile; fileRef = 88BE30C32497560C00AAD712 /* Network.swift */; };
		88CB713B2466E4120071620E /* StringExtensions.swift in Sources */ = {isa = PBXBuildFile; fileRef = 88CB713A2466E4120071620E /* StringExtensions.swift */; };
		88CB713C2466E4120071620E /* StringExtensions.swift in Sources */ = {isa = PBXBuildFile; fileRef = 88CB713A2466E4120071620E /* StringExtensions.swift */; };
		88F588A224556FC600E75D4F /* AnyC8yObject.swift in Sources */ = {isa = PBXBuildFile; fileRef = 88F588A124556FC600E75D4F /* AnyC8yObject.swift */; };
/* End PBXBuildFile section */

/* Begin PBXFileReference section */
		880B3D4F246C3018009A8BFA /* MutableDevice.swift */ = {isa = PBXFileReference; lastKnownFileType = sourcecode.swift; path = MutableDevice.swift; sourceTree = "<group>"; };
		88189CAE246421A800CED9EF /* JcRepeatingTimer.swift */ = {isa = PBXFileReference; lastKnownFileType = sourcecode.swift; path = JcRepeatingTimer.swift; sourceTree = "<group>"; };
		882D9FD8245048DD004F5D06 /* EventsService.swift */ = {isa = PBXFileReference; lastKnownFileType = sourcecode.swift; path = EventsService.swift; sourceTree = "<group>"; };
		882D9FDB24505006004F5D06 /* BinariesService.swift */ = {isa = PBXFileReference; lastKnownFileType = sourcecode.swift; path = BinariesService.swift; sourceTree = "<group>"; };
		882D9FDE245057E5004F5D06 /* MeasurementsService.swift */ = {isa = PBXFileReference; lastKnownFileType = sourcecode.swift; path = MeasurementsService.swift; sourceTree = "<group>"; };
		882D9FE124505A14004F5D06 /* PagedMeasurements.swift */ = {isa = PBXFileReference; lastKnownFileType = sourcecode.swift; path = PagedMeasurements.swift; sourceTree = "<group>"; };
		882D9FE424505C91004F5D06 /* PageStatistics.swift */ = {isa = PBXFileReference; lastKnownFileType = sourcecode.swift; path = PageStatistics.swift; sourceTree = "<group>"; };
		882D9FE724506D08004F5D06 /* OperationService.swift */ = {isa = PBXFileReference; lastKnownFileType = sourcecode.swift; path = OperationService.swift; sourceTree = "<group>"; };
		88363E0A2448AC1000C018C6 /* Cumulocity_Client_Library.framework */ = {isa = PBXFileReference; explicitFileType = wrapper.framework; includeInIndex = 0; path = Cumulocity_Client_Library.framework; sourceTree = BUILT_PRODUCTS_DIR; };
		88363E0D2448AC1000C018C6 /* Cumulocity_Client_Library.h */ = {isa = PBXFileReference; lastKnownFileType = sourcecode.c.h; path = Cumulocity_Client_Library.h; sourceTree = "<group>"; };
		88363E0E2448AC1000C018C6 /* Info.plist */ = {isa = PBXFileReference; lastKnownFileType = text.plist.xml; path = Info.plist; sourceTree = "<group>"; };
		88363E132448AC1000C018C6 /* Cumulocity Client LibraryTests.xctest */ = {isa = PBXFileReference; explicitFileType = wrapper.cfbundle; includeInIndex = 0; path = "Cumulocity Client LibraryTests.xctest"; sourceTree = BUILT_PRODUCTS_DIR; };
		88363E182448AC1000C018C6 /* Cumulocity_Client_LibraryTests.swift */ = {isa = PBXFileReference; lastKnownFileType = sourcecode.swift; path = Cumulocity_Client_LibraryTests.swift; sourceTree = "<group>"; };
		88363E1A2448AC1000C018C6 /* Info.plist */ = {isa = PBXFileReference; lastKnownFileType = text.plist.xml; path = Info.plist; sourceTree = "<group>"; };
		88363E242448AC7900C018C6 /* ManagedObject.swift */ = {isa = PBXFileReference; lastKnownFileType = sourcecode.swift; path = ManagedObject.swift; sourceTree = "<group>"; };
		88363E2C2448AD7E00C018C6 /* Connection.swift */ = {isa = PBXFileReference; lastKnownFileType = sourcecode.swift; path = Connection.swift; sourceTree = "<group>"; };
		88363E322448ADA900C018C6 /* ConnectionFactory.swift */ = {isa = PBXFileReference; lastKnownFileType = sourcecode.swift; path = ConnectionFactory.swift; sourceTree = "<group>"; };
		88363E382448CDEF00C018C6 /* ConnectionRequest.swift */ = {isa = PBXFileReference; lastKnownFileType = sourcecode.swift; path = ConnectionRequest.swift; sourceTree = "<group>"; };
		88363E3C244984CF00C018C6 /* CumulocityConnection.swift */ = {isa = PBXFileReference; lastKnownFileType = sourcecode.swift; path = CumulocityConnection.swift; sourceTree = "<group>"; };
		88363E3F2449854C00C018C6 /* CumulocityUser.swift */ = {isa = PBXFileReference; lastKnownFileType = sourcecode.swift; path = CumulocityUser.swift; sourceTree = "<group>"; };
		88363E492449F14B00C018C6 /* ContactInfo.swift */ = {isa = PBXFileReference; lastKnownFileType = sourcecode.swift; path = ContactInfo.swift; sourceTree = "<group>"; };
		88363E4C2449F9E300C018C6 /* LoRaNetworkInfo.swift */ = {isa = PBXFileReference; lastKnownFileType = sourcecode.swift; path = LoRaNetworkInfo.swift; sourceTree = "<group>"; };
		88363E52244A006C00C018C6 /* Alarm.swift */ = {isa = PBXFileReference; lastKnownFileType = sourcecode.swift; path = Alarm.swift; sourceTree = "<group>"; };
		88363E55244A0E0000C018C6 /* PagedManagedObjects.swift */ = {isa = PBXFileReference; lastKnownFileType = sourcecode.swift; path = PagedManagedObjects.swift; sourceTree = "<group>"; };
		88363E58244AEF3800C018C6 /* DataPoints.swift */ = {isa = PBXFileReference; lastKnownFileType = sourcecode.swift; path = DataPoints.swift; sourceTree = "<group>"; };
		88363E5E244B1E4C00C018C6 /* CustomAssetProcesor.swift */ = {isa = PBXFileReference; lastKnownFileType = sourcecode.swift; path = CustomAssetProcesor.swift; sourceTree = "<group>"; };
		88363E61244B3A9B00C018C6 /* ManagedObjectService.swift */ = {isa = PBXFileReference; lastKnownFileType = sourcecode.swift; path = ManagedObjectService.swift; sourceTree = "<group>"; };
		88363E64244B432600C018C6 /* EncodableContent.swift */ = {isa = PBXFileReference; lastKnownFileType = sourcecode.swift; path = EncodableContent.swift; sourceTree = "<group>"; };
		88363E67244B60DF00C018C6 /* ManageObjectQuery.swift */ = {isa = PBXFileReference; lastKnownFileType = sourcecode.swift; path = ManageObjectQuery.swift; sourceTree = "<group>"; };
		8838BF4C245075A600A3AE87 /* MultiPartContent.swift */ = {isa = PBXFileReference; lastKnownFileType = sourcecode.swift; path = MultiPartContent.swift; sourceTree = "<group>"; };
		8838BF8E2451E22200A3AE87 /* Group.swift */ = {isa = PBXFileReference; lastKnownFileType = sourcecode.swift; path = Group.swift; sourceTree = "<group>"; };
		8838BF912451E28F00A3AE87 /* Device.swift */ = {isa = PBXFileReference; lastKnownFileType = sourcecode.swift; path = Device.swift; sourceTree = "<group>"; };
		8838BF942451E39C00A3AE87 /* Address.swift */ = {isa = PBXFileReference; lastKnownFileType = sourcecode.swift; path = Address.swift; sourceTree = "<group>"; };
		88413C1D244B85BF007A52E0 /* Planning.swift */ = {isa = PBXFileReference; fileEncoding = 4; lastKnownFileType = sourcecode.swift; path = Planning.swift; sourceTree = "<group>"; };
		88413C1F244B85BF007A52E0 /* CustomAsset.swift */ = {isa = PBXFileReference; fileEncoding = 4; lastKnownFileType = sourcecode.swift; path = CustomAsset.swift; sourceTree = "<group>"; };
		88413C4E244B9173007A52E0 /* TestPlan.xctestplan */ = {isa = PBXFileReference; lastKnownFileType = text; path = TestPlan.xctestplan; sourceTree = SOURCE_ROOT; };
		88413C61244F095E007A52E0 /* Event.swift */ = {isa = PBXFileReference; lastKnownFileType = sourcecode.swift; path = Event.swift; sourceTree = "<group>"; };
		88413C64244F1287007A52E0 /* PagedEvents.swift */ = {isa = PBXFileReference; lastKnownFileType = sourcecode.swift; path = PagedEvents.swift; sourceTree = "<group>"; };
		88413C67244F1332007A52E0 /* ExternalId.swift */ = {isa = PBXFileReference; lastKnownFileType = sourcecode.swift; path = ExternalId.swift; sourceTree = "<group>"; };
		88413C6A244F1650007A52E0 /* Measurement.swift */ = {isa = PBXFileReference; lastKnownFileType = sourcecode.swift; path = Measurement.swift; sourceTree = "<group>"; };
		88413C6D244F3081007A52E0 /* MeasurementSeries.swift */ = {isa = PBXFileReference; lastKnownFileType = sourcecode.swift; path = MeasurementSeries.swift; sourceTree = "<group>"; };
		88413C70244F3D15007A52E0 /* Operation.swift */ = {isa = PBXFileReference; lastKnownFileType = sourcecode.swift; path = Operation.swift; sourceTree = "<group>"; };
		88413C73244F45E9007A52E0 /* AlarmsService.swift */ = {isa = PBXFileReference; lastKnownFileType = sourcecode.swift; path = AlarmsService.swift; sourceTree = "<group>"; };
		88413C76244F55B9007A52E0 /* PagedAlarms.swift */ = {isa = PBXFileReference; lastKnownFileType = sourcecode.swift; path = PagedAlarms.swift; sourceTree = "<group>"; };
		8841B43E24609AD30095DCA1 /* RuntimeError.swift */ = {isa = PBXFileReference; lastKnownFileType = sourcecode.swift; path = RuntimeError.swift; sourceTree = "<group>"; };
		8879AC4E2452143800922E3B /* DateExtensions.swift */ = {isa = PBXFileReference; lastKnownFileType = sourcecode.swift; path = DateExtensions.swift; sourceTree = "<group>"; };
		887C14A2246729D100D7A31A /* EditableGroup.swift */ = {isa = PBXFileReference; lastKnownFileType = sourcecode.swift; path = EditableGroup.swift; sourceTree = "<group>"; };
		888A32A724714831003F7D27 /* GroupLoader.swift */ = {isa = PBXFileReference; lastKnownFileType = sourcecode.swift; path = GroupLoader.swift; sourceTree = "<group>"; };
		888B65D7245D7A330003EAED /* EditableDevice.swift */ = {isa = PBXFileReference; lastKnownFileType = sourcecode.swift; path = EditableDevice.swift; sourceTree = "<group>"; };
		888B65DD245D9E340003EAED /* DeviceModels.swift */ = {isa = PBXFileReference; lastKnownFileType = sourcecode.swift; path = DeviceModels.swift; sourceTree = "<group>"; };
		888B65E0245D9FF90003EAED /* Model.swift */ = {isa = PBXFileReference; lastKnownFileType = sourcecode.swift; path = Model.swift; sourceTree = "<group>"; };
		888B65E3245DA2460003EAED /* Supplier.swift */ = {isa = PBXFileReference; lastKnownFileType = sourcecode.swift; path = Supplier.swift; sourceTree = "<group>"; };
		8898032D24605FBE008A9A57 /* MyGroups.swift */ = {isa = PBXFileReference; lastKnownFileType = sourcecode.swift; path = MyGroups.swift; sourceTree = "<group>"; };
		88ACF09C249CD9580079C518 /* LoRaNetworkService.swift */ = {isa = PBXFileReference; lastKnownFileType = sourcecode.swift; path = LoRaNetworkService.swift; sourceTree = "<group>"; };
		88ACF09E249CE7CC0079C518 /* AssignedNetwork.swift */ = {isa = PBXFileReference; lastKnownFileType = sourcecode.swift; path = AssignedNetwork.swift; sourceTree = "<group>"; };
		88ACF0A124A0D9750079C518 /* PagedOperations.swift */ = {isa = PBXFileReference; lastKnownFileType = sourcecode.swift; path = PagedOperations.swift; sourceTree = "<group>"; };
		88BD6BF6246C9B8D0018D004 /* MockedMyGroups.swift */ = {isa = PBXFileReference; lastKnownFileType = sourcecode.swift; path = MockedMyGroups.swift; sourceTree = "<group>"; };
		88BE30C32497560C00AAD712 /* Network.swift */ = {isa = PBXFileReference; lastKnownFileType = sourcecode.swift; path = Network.swift; sourceTree = "<group>"; };
		88CB713A2466E4120071620E /* StringExtensions.swift */ = {isa = PBXFileReference; lastKnownFileType = sourcecode.swift; path = StringExtensions.swift; sourceTree = "<group>"; };
		88F588A124556FC600E75D4F /* AnyC8yObject.swift */ = {isa = PBXFileReference; lastKnownFileType = sourcecode.swift; path = AnyC8yObject.swift; sourceTree = "<group>"; };
/* End PBXFileReference section */

/* Begin PBXFrameworksBuildPhase section */
		88363E072448AC1000C018C6 /* Frameworks */ = {
			isa = PBXFrameworksBuildPhase;
			buildActionMask = 2147483647;
			files = (
			);
			runOnlyForDeploymentPostprocessing = 0;
		};
		88363E102448AC1000C018C6 /* Frameworks */ = {
			isa = PBXFrameworksBuildPhase;
			buildActionMask = 2147483647;
			files = (
			);
			runOnlyForDeploymentPostprocessing = 0;
		};
/* End PBXFrameworksBuildPhase section */

/* Begin PBXGroup section */
		88189CAD2464218300CED9EF /* core */ = {
			isa = PBXGroup;
			children = (
				88189CAE246421A800CED9EF /* JcRepeatingTimer.swift */,
			);
			path = core;
			sourceTree = "<group>";
		};
		88363E002448AC1000C018C6 = {
			isa = PBXGroup;
			children = (
				88363E272448AC8600C018C6 /* src */,
				88363E0C2448AC1000C018C6 /* Cumulocity Client Library */,
				88363E172448AC1000C018C6 /* Cumulocity Client LibraryTests */,
				88363E0B2448AC1000C018C6 /* Products */,
				88413C4B244B8D28007A52E0 /* Frameworks */,
			);
			sourceTree = "<group>";
		};
		88363E0B2448AC1000C018C6 /* Products */ = {
			isa = PBXGroup;
			children = (
				88363E0A2448AC1000C018C6 /* Cumulocity_Client_Library.framework */,
				88363E132448AC1000C018C6 /* Cumulocity Client LibraryTests.xctest */,
			);
			name = Products;
			sourceTree = "<group>";
		};
		88363E0C2448AC1000C018C6 /* Cumulocity Client Library */ = {
			isa = PBXGroup;
			children = (
				88363E0D2448AC1000C018C6 /* Cumulocity_Client_Library.h */,
				88363E0E2448AC1000C018C6 /* Info.plist */,
			);
			path = "Cumulocity Client Library";
			sourceTree = "<group>";
		};
		88363E172448AC1000C018C6 /* Cumulocity Client LibraryTests */ = {
			isa = PBXGroup;
			children = (
				88413C4E244B9173007A52E0 /* TestPlan.xctestplan */,
				88363E182448AC1000C018C6 /* Cumulocity_Client_LibraryTests.swift */,
				88363E1A2448AC1000C018C6 /* Info.plist */,
			);
			path = "Cumulocity Client LibraryTests";
			sourceTree = "<group>";
		};
		88363E272448AC8600C018C6 /* src */ = {
			isa = PBXGroup;
			children = (
				88363E2A2448AD2500C018C6 /* common */,
				88363E282448AC9900C018C6 /* cumulocity */,
			);
			path = src;
			sourceTree = "<group>";
		};
		88363E282448AC9900C018C6 /* cumulocity */ = {
			isa = PBXGroup;
			children = (
				88363E3B2448EEB700C018C6 /* api */,
				88363E292448ACA600C018C6 /* model */,
				88363E422449DA1F00C018C6 /* xModel */,
				8838BF972451EAD400A3AE87 /* meta */,
			);
			path = cumulocity;
			sourceTree = "<group>";
		};
		88363E292448ACA600C018C6 /* model */ = {
			isa = PBXGroup;
			children = (
				882D9FE424505C91004F5D06 /* PageStatistics.swift */,
				88363E3F2449854C00C018C6 /* CumulocityUser.swift */,
				88363E55244A0E0000C018C6 /* PagedManagedObjects.swift */,
				88363E242448AC7900C018C6 /* ManagedObject.swift */,
				88413C67244F1332007A52E0 /* ExternalId.swift */,
				88413C76244F55B9007A52E0 /* PagedAlarms.swift */,
				88363E52244A006C00C018C6 /* Alarm.swift */,
				88363E58244AEF3800C018C6 /* DataPoints.swift */,
				88413C64244F1287007A52E0 /* PagedEvents.swift */,
				88413C61244F095E007A52E0 /* Event.swift */,
				882D9FE124505A14004F5D06 /* PagedMeasurements.swift */,
				88413C6A244F1650007A52E0 /* Measurement.swift */,
				88413C6D244F3081007A52E0 /* MeasurementSeries.swift */,
				88413C70244F3D15007A52E0 /* Operation.swift */,
				88ACF0A124A0D9750079C518 /* PagedOperations.swift */,
			);
			path = model;
			sourceTree = "<group>";
		};
		88363E2A2448AD2500C018C6 /* common */ = {
			isa = PBXGroup;
			children = (
				88189CAD2464218300CED9EF /* core */,
				8879AC4D2452140100922E3B /* extensions */,
				88363E2B2448AD6300C018C6 /* api */,
			);
			path = common;
			sourceTree = "<group>";
		};
		88363E2B2448AD6300C018C6 /* api */ = {
			isa = PBXGroup;
			children = (
				88363E64244B432600C018C6 /* EncodableContent.swift */,
				88363E2C2448AD7E00C018C6 /* Connection.swift */,
				88363E322448ADA900C018C6 /* ConnectionFactory.swift */,
				88363E382448CDEF00C018C6 /* ConnectionRequest.swift */,
				8838BF4C245075A600A3AE87 /* MultiPartContent.swift */,
			);
			path = api;
			sourceTree = "<group>";
		};
		88363E3B2448EEB700C018C6 /* api */ = {
			isa = PBXGroup;
			children = (
				88363E3C244984CF00C018C6 /* CumulocityConnection.swift */,
				88363E61244B3A9B00C018C6 /* ManagedObjectService.swift */,
				88363E67244B60DF00C018C6 /* ManageObjectQuery.swift */,
				88413C73244F45E9007A52E0 /* AlarmsService.swift */,
				882D9FD8245048DD004F5D06 /* EventsService.swift */,
				882D9FDB24505006004F5D06 /* BinariesService.swift */,
				882D9FDE245057E5004F5D06 /* MeasurementsService.swift */,
				882D9FE724506D08004F5D06 /* OperationService.swift */,
			);
			path = api;
			sourceTree = "<group>";
		};
		88363E422449DA1F00C018C6 /* xModel */ = {
			isa = PBXGroup;
			children = (
				88363E5E244B1E4C00C018C6 /* CustomAssetProcesor.swift */,
				88413C1F244B85BF007A52E0 /* CustomAsset.swift */,
				88413C1D244B85BF007A52E0 /* Planning.swift */,
				8838BF942451E39C00A3AE87 /* Address.swift */,
				88363E492449F14B00C018C6 /* ContactInfo.swift */,
				888B65E3245DA2460003EAED /* Supplier.swift */,
				888B65E0245D9FF90003EAED /* Model.swift */,
				88363E4C2449F9E300C018C6 /* LoRaNetworkInfo.swift */,
				88ACF09E249CE7CC0079C518 /* AssignedNetwork.swift */,
			);
			path = xModel;
			sourceTree = "<group>";
		};
		8838BF972451EAD400A3AE87 /* meta */ = {
			isa = PBXGroup;
			children = (
				8898032D24605FBE008A9A57 /* MyGroups.swift */,
				88BE30C32497560C00AAD712 /* Network.swift */,
				88ACF09C249CD9580079C518 /* LoRaNetworkService.swift */,
				888A32A724714831003F7D27 /* GroupLoader.swift */,
				880B3D4F246C3018009A8BFA /* MutableDevice.swift */,
				888B65DD245D9E340003EAED /* DeviceModels.swift */,
				888B65D7245D7A330003EAED /* EditableDevice.swift */,
				887C14A2246729D100D7A31A /* EditableGroup.swift */,
				88F588A124556FC600E75D4F /* AnyC8yObject.swift */,
				8838BF8E2451E22200A3AE87 /* Group.swift */,
				8838BF912451E28F00A3AE87 /* Device.swift */,
				88BD6BF6246C9B8D0018D004 /* MockedMyGroups.swift */,
			);
			path = meta;
			sourceTree = "<group>";
		};
		88413C4B244B8D28007A52E0 /* Frameworks */ = {
			isa = PBXGroup;
			children = (
			);
			name = Frameworks;
			sourceTree = "<group>";
		};
		8879AC4D2452140100922E3B /* extensions */ = {
			isa = PBXGroup;
			children = (
				8879AC4E2452143800922E3B /* DateExtensions.swift */,
				88CB713A2466E4120071620E /* StringExtensions.swift */,
				8841B43E24609AD30095DCA1 /* RuntimeError.swift */,
			);
			path = extensions;
			sourceTree = "<group>";
		};
/* End PBXGroup section */

/* Begin PBXHeadersBuildPhase section */
		88363E052448AC1000C018C6 /* Headers */ = {
			isa = PBXHeadersBuildPhase;
			buildActionMask = 2147483647;
			files = (
				88363E1B2448AC1000C018C6 /* Cumulocity_Client_Library.h in Headers */,
			);
			runOnlyForDeploymentPostprocessing = 0;
		};
/* End PBXHeadersBuildPhase section */

/* Begin PBXNativeTarget section */
		88363E092448AC1000C018C6 /* Cumulocity Client Library */ = {
			isa = PBXNativeTarget;
			buildConfigurationList = 88363E1E2448AC1000C018C6 /* Build configuration list for PBXNativeTarget "Cumulocity Client Library" */;
			buildPhases = (
				88363E052448AC1000C018C6 /* Headers */,
				88363E062448AC1000C018C6 /* Sources */,
				88363E072448AC1000C018C6 /* Frameworks */,
				88363E082448AC1000C018C6 /* Resources */,
			);
			buildRules = (
			);
			dependencies = (
			);
			name = "Cumulocity Client Library";
			productName = "Cumulocity Client Library";
			productReference = 88363E0A2448AC1000C018C6 /* Cumulocity_Client_Library.framework */;
			productType = "com.apple.product-type.framework";
		};
		88363E122448AC1000C018C6 /* Cumulocity Client LibraryTests */ = {
			isa = PBXNativeTarget;
			buildConfigurationList = 88363E212448AC1000C018C6 /* Build configuration list for PBXNativeTarget "Cumulocity Client LibraryTests" */;
			buildPhases = (
				88363E0F2448AC1000C018C6 /* Sources */,
				88363E102448AC1000C018C6 /* Frameworks */,
				88363E112448AC1000C018C6 /* Resources */,
			);
			buildRules = (
			);
			dependencies = (
			);
			name = "Cumulocity Client LibraryTests";
			productName = "Cumulocity Client LibraryTests";
			productReference = 88363E132448AC1000C018C6 /* Cumulocity Client LibraryTests.xctest */;
			productType = "com.apple.product-type.bundle.unit-test";
		};
/* End PBXNativeTarget section */

/* Begin PBXProject section */
		88363E012448AC1000C018C6 /* Project object */ = {
			isa = PBXProject;
			attributes = {
				LastSwiftUpdateCheck = 1140;
				LastUpgradeCheck = 1150;
				ORGANIZATIONNAME = "John Carter";
				TargetAttributes = {
					88363E092448AC1000C018C6 = {
						CreatedOnToolsVersion = 11.4.1;
						LastSwiftMigration = 1140;
					};
					88363E122448AC1000C018C6 = {
						CreatedOnToolsVersion = 11.4.1;
					};
				};
			};
			buildConfigurationList = 88363E042448AC1000C018C6 /* Build configuration list for PBXProject "Cumulocity Client Library" */;
			compatibilityVersion = "Xcode 9.3";
			developmentRegion = en;
			hasScannedForEncodings = 0;
			knownRegions = (
				en,
				Base,
			);
			mainGroup = 88363E002448AC1000C018C6;
			productRefGroup = 88363E0B2448AC1000C018C6 /* Products */;
			projectDirPath = "";
			projectRoot = "";
			targets = (
				88363E092448AC1000C018C6 /* Cumulocity Client Library */,
				88363E122448AC1000C018C6 /* Cumulocity Client LibraryTests */,
			);
		};
/* End PBXProject section */

/* Begin PBXResourcesBuildPhase section */
		88363E082448AC1000C018C6 /* Resources */ = {
			isa = PBXResourcesBuildPhase;
			buildActionMask = 2147483647;
			files = (
			);
			runOnlyForDeploymentPostprocessing = 0;
		};
		88363E112448AC1000C018C6 /* Resources */ = {
			isa = PBXResourcesBuildPhase;
			buildActionMask = 2147483647;
			files = (
			);
			runOnlyForDeploymentPostprocessing = 0;
		};
/* End PBXResourcesBuildPhase section */

/* Begin PBXSourcesBuildPhase section */
		88363E062448AC1000C018C6 /* Sources */ = {
			isa = PBXSourcesBuildPhase;
			buildActionMask = 2147483647;
			files = (
				8879AC4B2451FFDF00922E3B /* ManagedObjectService.swift in Sources */,
				88ACF09F249CE7CC0079C518 /* AssignedNetwork.swift in Sources */,
				8879AC4C2451FFDF00922E3B /* ManageObjectQuery.swift in Sources */,
				882D9FDC24505006004F5D06 /* BinariesService.swift in Sources */,
				88ACF09D249CD9580079C518 /* LoRaNetworkService.swift in Sources */,
				88413C2F244B872F007A52E0 /* PagedManagedObjects.swift in Sources */,
				880B3D50246C3018009A8BFA /* MutableDevice.swift in Sources */,
				88413C30244B872F007A52E0 /* ManagedObject.swift in Sources */,
				8838BF922451E28F00A3AE87 /* Device.swift in Sources */,
				8898032E24605FBE008A9A57 /* MyGroups.swift in Sources */,
				88413C6E244F3081007A52E0 /* MeasurementSeries.swift in Sources */,
				882D9FE224505A14004F5D06 /* PagedMeasurements.swift in Sources */,
				8841B43F24609AD30095DCA1 /* RuntimeError.swift in Sources */,
				88413C6B244F1650007A52E0 /* Measurement.swift in Sources */,
				887C14A3246729D100D7A31A /* EditableGroup.swift in Sources */,
				882D9FD9245048DD004F5D06 /* EventsService.swift in Sources */,
				88F588A224556FC600E75D4F /* AnyC8yObject.swift in Sources */,
				88413C31244B872F007A52E0 /* Alarm.swift in Sources */,
				88ACF0A224A0D9750079C518 /* PagedOperations.swift in Sources */,
				88413C32244B872F007A52E0 /* DataPoints.swift in Sources */,
				88413C33244B872F007A52E0 /* CustomAsset.swift in Sources */,
				88413C74244F45E9007A52E0 /* AlarmsService.swift in Sources */,
				882D9FDF245057E5004F5D06 /* MeasurementsService.swift in Sources */,
				882D9FE524505C91004F5D06 /* PageStatistics.swift in Sources */,
				88413C65244F1287007A52E0 /* PagedEvents.swift in Sources */,
				88413C35244B872F007A52E0 /* Planning.swift in Sources */,
				888B65E4245DA2460003EAED /* Supplier.swift in Sources */,
				88413C36244B872F007A52E0 /* CustomAssetProcesor.swift in Sources */,
				88BE30C42497560C00AAD712 /* Network.swift in Sources */,
				88413C71244F3D15007A52E0 /* Operation.swift in Sources */,
				88413C68244F1332007A52E0 /* ExternalId.swift in Sources */,
				888A32A824714831003F7D27 /* GroupLoader.swift in Sources */,
				88413C62244F095E007A52E0 /* Event.swift in Sources */,
				88413C37244B872F007A52E0 /* ContactInfo.swift in Sources */,
				8879AC4F2452143800922E3B /* DateExtensions.swift in Sources */,
				88413C38244B872F007A52E0 /* LoRaNetworkInfo.swift in Sources */,
				88413C29244B866E007A52E0 /* EncodableContent.swift in Sources */,
				88189CAF246421A800CED9EF /* JcRepeatingTimer.swift in Sources */,
				888B65D8245D7A330003EAED /* EditableDevice.swift in Sources */,
				882D9FE824506D08004F5D06 /* OperationService.swift in Sources */,
				88413C2A244B866E007A52E0 /* Connection.swift in Sources */,
				88BD6BF7246C9B8D0018D004 /* MockedMyGroups.swift in Sources */,
				88413C2E244B8688007A52E0 /* CumulocityUser.swift in Sources */,
				888B65DE245D9E340003EAED /* DeviceModels.swift in Sources */,
				88413C2B244B866E007A52E0 /* ConnectionFactory.swift in Sources */,
				88413C2C244B866E007A52E0 /* ConnectionRequest.swift in Sources */,
				88413C2D244B867B007A52E0 /* CumulocityConnection.swift in Sources */,
				8838BF4D245075A600A3AE87 /* MultiPartContent.swift in Sources */,
				888B65E1245D9FF90003EAED /* Model.swift in Sources */,
				8838BF8F2451E22200A3AE87 /* Group.swift in Sources */,
				88413C77244F55B9007A52E0 /* PagedAlarms.swift in Sources */,
				88CB713B2466E4120071620E /* StringExtensions.swift in Sources */,
				8838BF952451E39C00A3AE87 /* Address.swift in Sources */,
			);
			runOnlyForDeploymentPostprocessing = 0;
		};
		88363E0F2448AC1000C018C6 /* Sources */ = {
			isa = PBXSourcesBuildPhase;
			buildActionMask = 2147483647;
			files = (
				8838BF4E245075A600A3AE87 /* MultiPartContent.swift in Sources */,
				8841B44024609AD30095DCA1 /* RuntimeError.swift in Sources */,
				888B65DF245D9E340003EAED /* DeviceModels.swift in Sources */,
				88413C4F244B91B2007A52E0 /* EncodableContent.swift in Sources */,
				88189CB0246421A800CED9EF /* JcRepeatingTimer.swift in Sources */,
				88413C6C244F1650007A52E0 /* Measurement.swift in Sources */,
				88413C50244B91B2007A52E0 /* Connection.swift in Sources */,
				88413C51244B91B2007A52E0 /* ConnectionFactory.swift in Sources */,
				88413C52244B91B2007A52E0 /* ConnectionRequest.swift in Sources */,
				88BE30C52497560C00AAD712 /* Network.swift in Sources */,
				88ACF0A0249CE7CC0079C518 /* AssignedNetwork.swift in Sources */,
				888B65E5245DA2460003EAED /* Supplier.swift in Sources */,
				88413C63244F095E007A52E0 /* Event.swift in Sources */,
				88CB713C2466E4120071620E /* StringExtensions.swift in Sources */,
				8838BF932451E28F00A3AE87 /* Device.swift in Sources */,
				88413C53244B91B2007A52E0 /* CumulocityConnection.swift in Sources */,
				88413C54244B91B2007A52E0 /* ManagedObjectService.swift in Sources */,
				88413C55244B91B2007A52E0 /* ManageObjectQuery.swift in Sources */,
				88413C56244B91B2007A52E0 /* CumulocityUser.swift in Sources */,
				88413C69244F1332007A52E0 /* ExternalId.swift in Sources */,
				887C14A4246729D100D7A31A /* EditableGroup.swift in Sources */,
				882D9FE924506D08004F5D06 /* OperationService.swift in Sources */,
				88413C78244F55B9007A52E0 /* PagedAlarms.swift in Sources */,
				88413C6F244F3081007A52E0 /* MeasurementSeries.swift in Sources */,
				888B65D9245D7A330003EAED /* EditableDevice.swift in Sources */,
				880B3D51246C3018009A8BFA /* MutableDevice.swift in Sources */,
				88413C57244B91B2007A52E0 /* PagedManagedObjects.swift in Sources */,
				88BD6BF8246C9B8D0018D004 /* MockedMyGroups.swift in Sources */,
				882D9FE0245057E5004F5D06 /* MeasurementsService.swift in Sources */,
				88413C72244F3D15007A52E0 /* Operation.swift in Sources */,
				88413C58244B91B2007A52E0 /* ManagedObject.swift in Sources */,
				88413C75244F45E9007A52E0 /* AlarmsService.swift in Sources */,
				882D9FDD24505006004F5D06 /* BinariesService.swift in Sources */,
				8838BF902451E22200A3AE87 /* Group.swift in Sources */,
				8838BF962451E39C00A3AE87 /* Address.swift in Sources */,
				88413C59244B91B2007A52E0 /* Alarm.swift in Sources */,
				888A32A924714831003F7D27 /* GroupLoader.swift in Sources */,
				88413C5A244B91B2007A52E0 /* DataPoints.swift in Sources */,
				88413C5B244B91B2007A52E0 /* CustomAsset.swift in Sources */,
				888B65E2245D9FF90003EAED /* Model.swift in Sources */,
				882D9FDA245048DD004F5D06 /* EventsService.swift in Sources */,
				882D9FE624505C91004F5D06 /* PageStatistics.swift in Sources */,
				882D9FE324505A14004F5D06 /* PagedMeasurements.swift in Sources */,
				88413C5D244B91B2007A52E0 /* Planning.swift in Sources */,
				88413C5E244B91B2007A52E0 /* CustomAssetProcesor.swift in Sources */,
				88413C5F244B91B2007A52E0 /* ContactInfo.swift in Sources */,
				88413C66244F1287007A52E0 /* PagedEvents.swift in Sources */,
				88ACF0A324A0D9750079C518 /* PagedOperations.swift in Sources */,
				88413C60244B91B2007A52E0 /* LoRaNetworkInfo.swift in Sources */,
				88413C4D244B8D55007A52E0 /* Cumulocity_Client_LibraryTests.swift in Sources */,
			);
			runOnlyForDeploymentPostprocessing = 0;
		};
/* End PBXSourcesBuildPhase section */

/* Begin XCBuildConfiguration section */
		88363E1C2448AC1000C018C6 /* Debug */ = {
			isa = XCBuildConfiguration;
			buildSettings = {
				ALWAYS_SEARCH_USER_PATHS = NO;
				CLANG_ANALYZER_NONNULL = YES;
				CLANG_ANALYZER_NUMBER_OBJECT_CONVERSION = YES_AGGRESSIVE;
				CLANG_CXX_LANGUAGE_STANDARD = "gnu++14";
				CLANG_CXX_LIBRARY = "libc++";
				CLANG_ENABLE_MODULES = YES;
				CLANG_ENABLE_OBJC_ARC = YES;
				CLANG_ENABLE_OBJC_WEAK = YES;
				CLANG_WARN_BLOCK_CAPTURE_AUTORELEASING = YES;
				CLANG_WARN_BOOL_CONVERSION = YES;
				CLANG_WARN_COMMA = YES;
				CLANG_WARN_CONSTANT_CONVERSION = YES;
				CLANG_WARN_DEPRECATED_OBJC_IMPLEMENTATIONS = YES;
				CLANG_WARN_DIRECT_OBJC_ISA_USAGE = YES_ERROR;
				CLANG_WARN_DOCUMENTATION_COMMENTS = YES;
				CLANG_WARN_EMPTY_BODY = YES;
				CLANG_WARN_ENUM_CONVERSION = YES;
				CLANG_WARN_INFINITE_RECURSION = YES;
				CLANG_WARN_INT_CONVERSION = YES;
				CLANG_WARN_NON_LITERAL_NULL_CONVERSION = YES;
				CLANG_WARN_OBJC_IMPLICIT_RETAIN_SELF = YES;
				CLANG_WARN_OBJC_LITERAL_CONVERSION = YES;
				CLANG_WARN_OBJC_ROOT_CLASS = YES_ERROR;
				CLANG_WARN_RANGE_LOOP_ANALYSIS = YES;
				CLANG_WARN_STRICT_PROTOTYPES = YES;
				CLANG_WARN_SUSPICIOUS_MOVE = YES;
				CLANG_WARN_UNGUARDED_AVAILABILITY = YES_AGGRESSIVE;
				CLANG_WARN_UNREACHABLE_CODE = YES;
				CLANG_WARN__DUPLICATE_METHOD_MATCH = YES;
				COPY_PHASE_STRIP = NO;
				CURRENT_PROJECT_VERSION = 1;
				DEBUG_INFORMATION_FORMAT = dwarf;
				ENABLE_STRICT_OBJC_MSGSEND = YES;
				ENABLE_TESTABILITY = YES;
				GCC_C_LANGUAGE_STANDARD = gnu11;
				GCC_DYNAMIC_NO_PIC = NO;
				GCC_NO_COMMON_BLOCKS = YES;
				GCC_OPTIMIZATION_LEVEL = 0;
				GCC_PREPROCESSOR_DEFINITIONS = (
					"DEBUG=1",
					"$(inherited)",
				);
				GCC_WARN_64_TO_32_BIT_CONVERSION = YES;
				GCC_WARN_ABOUT_RETURN_TYPE = YES_ERROR;
				GCC_WARN_UNDECLARED_SELECTOR = YES;
				GCC_WARN_UNINITIALIZED_AUTOS = YES_AGGRESSIVE;
				GCC_WARN_UNUSED_FUNCTION = YES;
				GCC_WARN_UNUSED_VARIABLE = YES;
				IPHONEOS_DEPLOYMENT_TARGET = 13.0;
				MTL_ENABLE_DEBUG_INFO = INCLUDE_SOURCE;
				MTL_FAST_MATH = YES;
				ONLY_ACTIVE_ARCH = YES;
				SDKROOT = iphoneos;
				SWIFT_ACTIVE_COMPILATION_CONDITIONS = DEBUG;
				SWIFT_OPTIMIZATION_LEVEL = "-Onone";
				VERSIONING_SYSTEM = "apple-generic";
				VERSION_INFO_PREFIX = "";
			};
			name = Debug;
		};
		88363E1D2448AC1000C018C6 /* Release */ = {
			isa = XCBuildConfiguration;
			buildSettings = {
				ALWAYS_SEARCH_USER_PATHS = NO;
				CLANG_ANALYZER_NONNULL = YES;
				CLANG_ANALYZER_NUMBER_OBJECT_CONVERSION = YES_AGGRESSIVE;
				CLANG_CXX_LANGUAGE_STANDARD = "gnu++14";
				CLANG_CXX_LIBRARY = "libc++";
				CLANG_ENABLE_MODULES = YES;
				CLANG_ENABLE_OBJC_ARC = YES;
				CLANG_ENABLE_OBJC_WEAK = YES;
				CLANG_WARN_BLOCK_CAPTURE_AUTORELEASING = YES;
				CLANG_WARN_BOOL_CONVERSION = YES;
				CLANG_WARN_COMMA = YES;
				CLANG_WARN_CONSTANT_CONVERSION = YES;
				CLANG_WARN_DEPRECATED_OBJC_IMPLEMENTATIONS = YES;
				CLANG_WARN_DIRECT_OBJC_ISA_USAGE = YES_ERROR;
				CLANG_WARN_DOCUMENTATION_COMMENTS = YES;
				CLANG_WARN_EMPTY_BODY = YES;
				CLANG_WARN_ENUM_CONVERSION = YES;
				CLANG_WARN_INFINITE_RECURSION = YES;
				CLANG_WARN_INT_CONVERSION = YES;
				CLANG_WARN_NON_LITERAL_NULL_CONVERSION = YES;
				CLANG_WARN_OBJC_IMPLICIT_RETAIN_SELF = YES;
				CLANG_WARN_OBJC_LITERAL_CONVERSION = YES;
				CLANG_WARN_OBJC_ROOT_CLASS = YES_ERROR;
				CLANG_WARN_RANGE_LOOP_ANALYSIS = YES;
				CLANG_WARN_STRICT_PROTOTYPES = YES;
				CLANG_WARN_SUSPICIOUS_MOVE = YES;
				CLANG_WARN_UNGUARDED_AVAILABILITY = YES_AGGRESSIVE;
				CLANG_WARN_UNREACHABLE_CODE = YES;
				CLANG_WARN__DUPLICATE_METHOD_MATCH = YES;
				COPY_PHASE_STRIP = NO;
				CURRENT_PROJECT_VERSION = 1;
				DEBUG_INFORMATION_FORMAT = "dwarf-with-dsym";
				ENABLE_NS_ASSERTIONS = NO;
				ENABLE_STRICT_OBJC_MSGSEND = YES;
				GCC_C_LANGUAGE_STANDARD = gnu11;
				GCC_NO_COMMON_BLOCKS = YES;
				GCC_WARN_64_TO_32_BIT_CONVERSION = YES;
				GCC_WARN_ABOUT_RETURN_TYPE = YES_ERROR;
				GCC_WARN_UNDECLARED_SELECTOR = YES;
				GCC_WARN_UNINITIALIZED_AUTOS = YES_AGGRESSIVE;
				GCC_WARN_UNUSED_FUNCTION = YES;
				GCC_WARN_UNUSED_VARIABLE = YES;
				IPHONEOS_DEPLOYMENT_TARGET = 13.0;
				MTL_ENABLE_DEBUG_INFO = NO;
				MTL_FAST_MATH = YES;
				SDKROOT = iphoneos;
				SWIFT_COMPILATION_MODE = wholemodule;
				SWIFT_OPTIMIZATION_LEVEL = "-O";
				VALIDATE_PRODUCT = YES;
				VERSIONING_SYSTEM = "apple-generic";
				VERSION_INFO_PREFIX = "";
			};
			name = Release;
		};
		88363E1F2448AC1000C018C6 /* Debug */ = {
			isa = XCBuildConfiguration;
			buildSettings = {
				CLANG_ENABLE_MODULES = YES;
				CODE_SIGN_IDENTITY = "";
				"CODE_SIGN_IDENTITY[sdk=macosx*]" = "Apple Development";
				CODE_SIGN_STYLE = Automatic;
				DEFINES_MODULE = YES;
				DEVELOPMENT_TEAM = A3Q7U4JCK3;
				DYLIB_COMPATIBILITY_VERSION = 1;
				DYLIB_CURRENT_VERSION = 1;
				DYLIB_INSTALL_NAME_BASE = "@rpath";
				INFOPLIST_FILE = "Cumulocity Client Library/Info.plist";
				INSTALL_PATH = "$(LOCAL_LIBRARY_DIR)/Frameworks";
				IPHONEOS_DEPLOYMENT_TARGET = 13.0;
				LD_RUNPATH_SEARCH_PATHS = (
					"$(inherited)",
					"@executable_path/Frameworks",
					"@loader_path/Frameworks",
				);
				PRODUCT_BUNDLE_IDENTIFIER = "com.softwareag.jc.cumulocity.client.api.Cumulocity-Client-Library";
				PRODUCT_NAME = "$(TARGET_NAME:c99extidentifier)";
				SKIP_INSTALL = YES;
				SWIFT_OPTIMIZATION_LEVEL = "-Onone";
				SWIFT_VERSION = 5.0;
				TARGETED_DEVICE_FAMILY = "1,2";
			};
			name = Debug;
		};
		88363E202448AC1000C018C6 /* Release */ = {
			isa = XCBuildConfiguration;
			buildSettings = {
				CLANG_ENABLE_MODULES = YES;
				CODE_SIGN_IDENTITY = "";
				"CODE_SIGN_IDENTITY[sdk=macosx*]" = "Apple Development";
				CODE_SIGN_STYLE = Automatic;
				DEFINES_MODULE = YES;
				DEVELOPMENT_TEAM = A3Q7U4JCK3;
				DYLIB_COMPATIBILITY_VERSION = 1;
				DYLIB_CURRENT_VERSION = 1;
				DYLIB_INSTALL_NAME_BASE = "@rpath";
				INFOPLIST_FILE = "Cumulocity Client Library/Info.plist";
				INSTALL_PATH = "$(LOCAL_LIBRARY_DIR)/Frameworks";
				IPHONEOS_DEPLOYMENT_TARGET = 13.0;
				LD_RUNPATH_SEARCH_PATHS = (
					"$(inherited)",
					"@executable_path/Frameworks",
					"@loader_path/Frameworks",
				);
				PRODUCT_BUNDLE_IDENTIFIER = "com.softwareag.jc.cumulocity.client.api.Cumulocity-Client-Library";
				PRODUCT_NAME = "$(TARGET_NAME:c99extidentifier)";
				SKIP_INSTALL = YES;
				SWIFT_VERSION = 5.0;
				TARGETED_DEVICE_FAMILY = "1,2";
			};
			name = Release;
		};
		88363E222448AC1000C018C6 /* Debug */ = {
			isa = XCBuildConfiguration;
			buildSettings = {
				ALWAYS_EMBED_SWIFT_STANDARD_LIBRARIES = YES;
				"CODE_SIGN_IDENTITY[sdk=macosx*]" = "-";
				CODE_SIGN_STYLE = Automatic;
				DEVELOPMENT_TEAM = A3Q7U4JCK3;
				INFOPLIST_FILE = "Cumulocity Client LibraryTests/Info.plist";
				LD_RUNPATH_SEARCH_PATHS = (
					"$(inherited)",
					"@executable_path/Frameworks",
					"@loader_path/Frameworks",
				);
				PRODUCT_BUNDLE_IDENTIFIER = "com.softwareag.jc.cumulocity.client.api.Cumulocity-Client-LibraryTests";
				PRODUCT_NAME = "$(TARGET_NAME)";
				SWIFT_VERSION = 5.0;
				TARGETED_DEVICE_FAMILY = "1,2";
			};
			name = Debug;
		};
		88363E232448AC1000C018C6 /* Release */ = {
			isa = XCBuildConfiguration;
			buildSettings = {
				ALWAYS_EMBED_SWIFT_STANDARD_LIBRARIES = YES;
				"CODE_SIGN_IDENTITY[sdk=macosx*]" = "-";
				CODE_SIGN_STYLE = Automatic;
				DEVELOPMENT_TEAM = A3Q7U4JCK3;
				INFOPLIST_FILE = "Cumulocity Client LibraryTests/Info.plist";
				LD_RUNPATH_SEARCH_PATHS = (
					"$(inherited)",
					"@executable_path/Frameworks",
					"@loader_path/Frameworks",
				);
				PRODUCT_BUNDLE_IDENTIFIER = "com.softwareag.jc.cumulocity.client.api.Cumulocity-Client-LibraryTests";
				PRODUCT_NAME = "$(TARGET_NAME)";
				SWIFT_VERSION = 5.0;
				TARGETED_DEVICE_FAMILY = "1,2";
			};
			name = Release;
		};
/* End XCBuildConfiguration section */

/* Begin XCConfigurationList section */
		88363E042448AC1000C018C6 /* Build configuration list for PBXProject "Cumulocity Client Library" */ = {
			isa = XCConfigurationList;
			buildConfigurations = (
				88363E1C2448AC1000C018C6 /* Debug */,
				88363E1D2448AC1000C018C6 /* Release */,
			);
			defaultConfigurationIsVisible = 0;
			defaultConfigurationName = Release;
		};
		88363E1E2448AC1000C018C6 /* Build configuration list for PBXNativeTarget "Cumulocity Client Library" */ = {
			isa = XCConfigurationList;
			buildConfigurations = (
				88363E1F2448AC1000C018C6 /* Debug */,
				88363E202448AC1000C018C6 /* Release */,
			);
			defaultConfigurationIsVisible = 0;
			defaultConfigurationName = Release;
		};
		88363E212448AC1000C018C6 /* Build configuration list for PBXNativeTarget "Cumulocity Client LibraryTests" */ = {
			isa = XCConfigurationList;
			buildConfigurations = (
				88363E222448AC1000C018C6 /* Debug */,
				88363E232448AC1000C018C6 /* Release */,
			);
			defaultConfigurationIsVisible = 0;
			defaultConfigurationName = Release;
		};
/* End XCConfigurationList section */
	};
	rootObject = 88363E012448AC1000C018C6 /* Project object */;
}
